# This file is automatically @generated by Cargo.
# It is not intended for manual editing.
version = 4

[[package]]
name = "allocator-api2"
version = "0.2.21"
source = "registry+https://github.com/rust-lang/crates.io-index"
checksum = "683d7910e743518b0e34f1186f92494becacb047c7b6bf616c96772180fef923"

[[package]]
name = "approx"
version = "0.5.1"
source = "registry+https://github.com/rust-lang/crates.io-index"
checksum = "cab112f0a86d568ea0e627cc1d6be74a1e9cd55214684db5561995f6dad897c6"
dependencies = [
 "num-traits",
]

[[package]]
name = "arbitrary"
version = "1.4.2"
source = "registry+https://github.com/rust-lang/crates.io-index"
checksum = "c3d036a3c4ab069c7b410a2ce876bd74808d2d0888a82667669f8e783a898bf1"
dependencies = [
 "derive_arbitrary",
]

[[package]]
name = "arrayvec"
version = "0.7.8"
source = "registry+https://github.com/rust-lang/crates.io-index"
checksum = "d3fb67a6e08acf24fdeccbac2cb6ac4305825bd1f117462e0e6f2f193345ad56"

[[package]]
name = "async-trait"
version = "0.1.92"
source = "registry+https://github.com/rust-lang/crates.io-index"
checksum = "82f6aeea286b8eb4dd3431a1be1b59d290ace00f5bfd8e2a159bc2a05e2c1667"
dependencies = [
 "proc-macro2",
 "quote",
 "syn 3.0.6",
]

[[package]]
name = "autocfg"
version = "1.5.1"
source = "registry+https://github.com/rust-lang/crates.io-index"
checksum = "f2032f911046de80f0a198e0901378627c33f59ea0ac00e363d481118bd70a53"

[[package]]
name = "bitflags"
version = "2.13.2"
source = "registry+https://github.com/rust-lang/crates.io-index"
checksum = "3ded4057c258ba199e2d26386d3af3780957ecaee6c4ef4041c6b4b8b97c0b06"

[[package]]
name = "block-buffer"
version = "0.12.1"
source = "registry+https://github.com/rust-lang/crates.io-index"
checksum = "d2f6c7dbe95a6ed67ad9f18e57daf93a2f034c524b99fd2b76d18fdfeb6660aa"
dependencies = [
 "hybrid-array",
]

[[package]]
name = "bumpalo"
version = "3.20.3"
source = "registry+https://github.com/rust-lang/crates.io-index"
checksum = "72f5acc6cb2ba439de613abc23857ec3d78374d8ed5ac84e9d11336e87da8649"

[[package]]
name = "bytemuck"
version = "1.25.2"
source = "registry+https://github.com/rust-lang/crates.io-index"
checksum = "95832e849adfb21180ccb6826a99da14e5d266ae5c2e668e1602cf234f153797"

[[package]]
name = "byteorder"
version = "1.5.0"
source = "registry+https://github.com/rust-lang/crates.io-index"
checksum = "1fd0f2584146f6f2ef48085050886acf353beff7305ebd1ae69500e27c67f64b"

[[package]]
name = "cast"
version = "0.3.0"
source = "registry+https://github.com/rust-lang/crates.io-index"
checksum = "37b2a672a2cb129a2e41c10b1224bb368f9f37a2b16b612598138befd7b37eb5"

[[package]]
name = "cc"
version = "1.6.0"
source = "registry+https://github.com/rust-lang/crates.io-index"
checksum = "f74872d07caf508b30a21f6836e7d7016a2eaf7d9ff4f48deaa58cd8a0407630"
dependencies = [
 "find-msvc-tools",
 "shlex",
]

[[package]]
name = "cfg-if"
version = "1.0.5"
source = "registry+https://github.com/rust-lang/crates.io-index"
checksum = "4e7648175b45a9a48536d676f68d918270699102aa8dab5496df06904c914600"

[[package]]
name = "cobs"
version = "0.3.0"
source = "registry+https://github.com/rust-lang/crates.io-index"
checksum = "0fa961b519f0b462e3a3b4a34b64d119eeaca1d59af726fe450bbba07a9fc0a1"
dependencies = [
 "thiserror",
]

[[package]]
name = "const-oid"
version = "0.10.2"
source = "registry+https://github.com/rust-lang/crates.io-index"
checksum = "a6ef517f0926dd24a1582492c791b6a4818a4d94e789a334894aa15b0d12f55c"

[[package]]
name = "cpufeatures"
version = "0.3.1"
source = "registry+https://github.com/rust-lang/crates.io-index"
checksum = "5ca28b0ae3115b884660db4118d803791fd6756b6e88f39c0f3f7859060d7566"
dependencies = [
 "libc",
]

[[package]]
name = "crypto-common"
version = "0.2.2"
source = "registry+https://github.com/rust-lang/crates.io-index"
checksum = "ce6e4c961d6cd6c9a86db418387425e8bdeaf05b3c8bc1411e6dca4c252f1453"
dependencies = [
 "hybrid-array",
]

[[package]]
name = "derive_arbitrary"
version = "1.4.2"
source = "registry+https://github.com/rust-lang/crates.io-index"
checksum = "1e567bd82dcff979e4b03460c307b3cdc9e96fde3d73bed1496d2bc75d9dd62a"
dependencies = [
 "proc-macro2",
 "quote",
 "syn 2.0.119",
]

[[package]]
name = "digest"
version = "0.11.3"
source = "registry+https://github.com/rust-lang/crates.io-index"
checksum = "f1dd6dbb5841937940781866fa1281a1ff7bd3bf827091440879f9994983d5c2"
dependencies = [
 "block-buffer",
 "const-oid",
 "crypto-common",
]

[[package]]
name = "downcast-rs"
version = "2.0.2"
source = "registry+https://github.com/rust-lang/crates.io-index"
checksum = "117240f60069e65410b3ae1bb213295bd828f707b5bec6596a1afc8793ce0cbc"

[[package]]
name = "either"
version = "1.18.0"
source = "registry+https://github.com/rust-lang/crates.io-index"
checksum = "252afb9ae5eaa683babdc6a068b3f5726eb19e05070c731f9b2a23a7c3e8ed34"

[[package]]
name = "embedded-io"
version = "0.4.0"
source = "registry+https://github.com/rust-lang/crates.io-index"
checksum = "ef1a6892d9eef45c8fa6b9e0086428a2cca8491aca8f787c534a3d6d0bcb3ced"

[[package]]
name = "embedded-io"
version = "0.6.1"
source = "registry+https://github.com/rust-lang/crates.io-index"
checksum = "edd0f118536f44f5ccd48bcb8b111bdc3de888b58c74639dfb034a357d0f206d"

[[package]]
name = "ena"
version = "0.14.4"
source = "registry+https://github.com/rust-lang/crates.io-index"
checksum = "eabffdaee24bd1bf95c5ef7cec31260444317e72ea56c4c91750e8b7ee58d5f1"
dependencies = [
 "log",
]

[[package]]
name = "equivalent"
version = "1.0.2"
source = "registry+https://github.com/rust-lang/crates.io-index"
checksum = "877a4ace8713b0bcf2a4e7eec82529c029f1d0619886d18145fea96c3ffe5c0f"

[[package]]
name = "find-msvc-tools"
version = "0.1.14"
source = "registry+https://github.com/rust-lang/crates.io-index"
checksum = "aedcfb3409746eddb02b9e19ebda1c3394f759a152e48ee875a0844d1b955484"

[[package]]
name = "foldhash"
version = "0.2.0"
source = "registry+https://github.com/rust-lang/crates.io-index"
checksum = "77ce24cb58228fbb8aa041425bb1050850ac19177686ea6e0f41a70416f56fdb"

[[package]]
name = "futures-core"
version = "0.3.34"
source = "registry+https://github.com/rust-lang/crates.io-index"
checksum = "92d699e522242e69e3003b94ecc1f960f3a5e015aa7c5d7486e65ad01dd94f5e"

[[package]]
name = "futures-task"
version = "0.3.34"
source = "registry+https://github.com/rust-lang/crates.io-index"
checksum = "cd417de3d1d015fc3bfd2b1ea46dfc7bab72ef86f1cc7cc9c78e728b34a6d1fd"

[[package]]
name = "futures-util"
version = "0.3.34"
source = "registry+https://github.com/rust-lang/crates.io-index"
checksum = "0d50a92467f8ba5dd6e3ee5d4bd04d73ab2e4e1c44474a0674821dfce14b79bc"
dependencies = [
 "futures-core",
 "futures-task",
 "pin-project-lite",
 "slab",
]

[[package]]
name = "getrandom"
version = "0.3.4"
source = "registry+https://github.com/rust-lang/crates.io-index"
checksum = "899def5c37c4fd7b2664648c28120ecec138e4d395b459e5ca34f9cce2dd77fd"
dependencies = [
 "cfg-if",
 "libc",
 "r-efi",
 "wasip2",
]

[[package]]
name = "glam"
version = "0.30.10"
source = "registry+https://github.com/rust-lang/crates.io-index"
checksum = "19fc433e8437a212d1b6f1e68c7824af3aed907da60afa994e7f542d18d12aa9"

[[package]]
name = "glam"
version = "0.31.1"
source = "registry+https://github.com/rust-lang/crates.io-index"
checksum = "556f6b2ea90b8d15a74e0e7bb41671c9bdf38cd9f78c284d750b9ce58a2b5be7"

[[package]]
name = "glam"
version = "0.32.1"
source = "registry+https://github.com/rust-lang/crates.io-index"
checksum = "f70749695b063ecbf6b62949ccccde2e733ec3ecbbd71d467dca4e5c6c97cca0"

[[package]]
name = "glam"
version = "0.33.12"
source = "registry+https://github.com/rust-lang/crates.io-index"
checksum = "37bfe73dc8ec21f54d181e5a60554327ec3f1c600c455a75ccbfc65d2106a6c4"
dependencies = [
 "approx",
 "libm",
]

[[package]]
name = "glamx"
version = "0.3.1"
source = "registry+https://github.com/rust-lang/crates.io-index"
checksum = "28d74079318e3a077bd3d15faa90fde24fa37bb9f157f92f853e6019a15fd413"
dependencies = [
 "approx",
 "glam 0.33.12",
 "nalgebra",
 "num-traits",
 "simba",
]

[[package]]
name = "hash32"
version = "0.3.1"
source = "registry+https://github.com/rust-lang/crates.io-index"
checksum = "47d60b12902ba28e2730cd37e95b8c9223af2808df9e902d4df49588d1470606"
dependencies = [
 "byteorder",
]

[[package]]
name = "hashbrown"
version = "0.16.1"
source = "registry+https://github.com/rust-lang/crates.io-index"
checksum = "841d1cc9bed7f9236f321df977030373f4a4163ae1a7dbfe1a51a2c1a51d9100"
dependencies = [
 "allocator-api2",
 "equivalent",
 "foldhash",
]

[[package]]
name = "hashbrown"
version = "0.17.1"
source = "registry+https://github.com/rust-lang/crates.io-index"
checksum = "ed5909b6e89a2db4456e54cd5f673791d7eca6732202bbf2a9cc504fe2f9b84a"
dependencies = [
 "foldhash",
]

[[package]]
name = "heapless"
version = "0.8.0"
source = "registry+https://github.com/rust-lang/crates.io-index"
checksum = "0bfb9eb618601c89945a70e254898da93b13be0388091d42117462b265bb3fad"
dependencies = [
 "hash32",
 "stable_deref_trait",
]

[[package]]
name = "hybrid-array"
version = "0.4.15"
source = "registry+https://github.com/rust-lang/crates.io-index"
checksum = "27f864f10dfb56725ce5ce5472bc52252c8f93a4ab86327122cebf62c5f59a17"
dependencies = [
 "typenum",
]

[[package]]
name = "indexmap"
version = "2.14.2"
source = "registry+https://github.com/rust-lang/crates.io-index"
checksum = "cc4e190f5d26ca7051642629da2c52fc03bde85a03197c99408dcd291734c855"
dependencies = [
 "equivalent",
 "hashbrown 0.17.1",
 "serde",
 "serde_core",
]

[[package]]
name = "itoa"
version = "1.0.18"
source = "registry+https://github.com/rust-lang/crates.io-index"
checksum = "8f42a60cbdf9a97f5d2305f08a87dc4e09308d1276d28c869c684d7777685682"

[[package]]
name = "jj-contracts"
version = "0.2.0"
dependencies = [
 "jj-types",
 "serde",
 "serde_json",
]

[[package]]
name = "jj-input"
version = "0.2.0"
dependencies = [
 "jj-protocol",
 "jj-types",
]

[[package]]
name = "jj-map"
version = "0.2.0"
dependencies = [
 "jj-types",
 "postcard",
 "serde",
 "serde_json",
 "sha2",
 "wasm-bindgen-test",
]

[[package]]
name = "jj-procgen"
version = "0.2.0"
dependencies = [
 "jj-map",
 "jj-types",
]

[[package]]
name = "jj-protocol"
version = "0.2.0"
dependencies = [
 "arbitrary",
 "jj-types",
 "postcard",
 "proptest",
 "serde",
 "serde_json",
]

[[package]]
name = "jj-server"
version = "0.2.0"
dependencies = [
 "jj-protocol",
]

[[package]]
name = "jj-session"
version = "0.2.0"
dependencies = [
 "jj-input",
 "jj-protocol",
 "jj-types",
 "proptest",
 "unicode-normalization",
 "unicode-segmentation",
]

[[package]]
name = "jj-sim"
version = "0.2.0"
dependencies = [
 "jj-map",
 "jj-types",
 "postcard",
 "rapier3d",
 "serde",
 "sha2",
]

[[package]]
name = "jj-tools"
version = "0.2.0"
dependencies = [
 "jj-contracts",
 "jj-map",
 "jj-procgen",
 "jj-sim",
 "jj-types",
 "serde",
 "serde_json",
]

[[package]]
name = "jj-types"
version = "0.2.0"
dependencies = [
 "arbitrary",
 "proptest",
 "serde",
]

[[package]]
name = "jj-wasm-host"
version = "0.2.0"
dependencies = [
 "jj-input",
 "jj-protocol",
 "jj-session",
 "jj-sim",
 "wasm-bindgen",
]

[[package]]
name = "jj-wasm-input"
version = "0.2.0"
dependencies = [
 "jj-input",
 "jj-protocol",
 "jj-types",
 "wasm-bindgen",
]

[[package]]
name = "jj-wasm-procgen"
version = "0.2.0"
dependencies = [
 "jj-map",
 "jj-procgen",
 "wasm-bindgen",
]

[[package]]
name = "js-sys"
version = "0.3.106"
source = "registry+https://github.com/rust-lang/crates.io-index"
checksum = "7883d941dae510fb2d978fc3fe018c71c9e2892fd38854de3e8b92c2e5ad9cc5"
dependencies = [
 "cfg-if",
 "futures-util",
 "wasm-bindgen",
]

[[package]]
name = "libc"
version = "0.2.189"
source = "registry+https://github.com/rust-lang/crates.io-index"
checksum = "3eaf3ede3fee6db1a4c2ee091bf8a8b4dccdc6d17f656fb07896ee72867612f2"

[[package]]
name = "libm"
version = "0.2.16"
source = "registry+https://github.com/rust-lang/crates.io-index"
checksum = "b6d2cec3eae94f9f509c767b45932f1ada8350c4bdb85af2fcab4a3c14807981"

[[package]]
name = "log"
version = "0.4.34"
source = "registry+https://github.com/rust-lang/crates.io-index"
checksum = "f9f8bd3e56ce4dfc153cf470fffbfa98c7620958b312ca5c3a4b8d5181fd13c6"

[[package]]
name = "matrixmultiply"
version = "0.3.11"
source = "registry+https://github.com/rust-lang/crates.io-index"
checksum = "3f607c237553f086e7043417a51df26b2eb899d3caff94e6a67592ff992fedc7"
dependencies = [
 "autocfg",
 "rawpointer",
]

[[package]]
name = "memchr"
version = "2.8.3"
source = "registry+https://github.com/rust-lang/crates.io-index"
checksum = "cf8baf1c55e62ffcace7a9f06f4bd9cd3f0c4beb022d3b367256b91b87513d98"

[[package]]
name = "minicov"
version = "0.3.8"
source = "registry+https://github.com/rust-lang/crates.io-index"
checksum = "4869b6a491569605d66d3952bcdf03df789e5b536e5f0cf7758a7f08a55ae24d"
dependencies = [
 "cc",
 "walkdir",
]

[[package]]
name = "nalgebra"
version = "0.35.0"
source = "registry+https://github.com/rust-lang/crates.io-index"
checksum = "adc43a60c217b0c6ff46e47f26911015ad8d2e5a8be1af668c67e370d99a4346"
dependencies = [
 "approx",
 "glam 0.30.10",
 "glam 0.31.1",
 "glam 0.32.1",
 "glam 0.33.12",
 "matrixmultiply",
 "nalgebra-macros",
 "num-complex",
 "num-rational",
 "num-traits",
 "simba",
 "typenum",
]

[[package]]
name = "nalgebra-macros"
version = "0.3.0"
source = "registry+https://github.com/rust-lang/crates.io-index"
checksum = "973e7178a678cfd059ccec50887658d482ce16b0aa9da3888ddeab5cd5eb4889"
dependencies = [
 "proc-macro2",
 "quote",
 "syn 2.0.119",
]

[[package]]
name = "nu-ansi-term"
version = "0.50.3"
source = "registry+https://github.com/rust-lang/crates.io-index"
checksum = "7957b9740744892f114936ab4a57b3f487491bbeafaf8083688b16841a4240e5"
dependencies = [
 "windows-sys",
]

[[package]]
name = "num-bigint"
version = "0.4.8"
source = "registry+https://github.com/rust-lang/crates.io-index"
checksum = "c89e69e7e0f03bea5ef08013795c25018e101932225a656383bd384495ecc367"
dependencies = [
 "num-integer",
 "num-traits",
]

[[package]]
name = "num-complex"
version = "0.4.6"
source = "registry+https://github.com/rust-lang/crates.io-index"
checksum = "73f88a1307638156682bada9d7604135552957b7818057dcef22705b4d509495"
dependencies = [
 "num-traits",
]

[[package]]
name = "num-derive"
version = "0.5.1"
source = "registry+https://github.com/rust-lang/crates.io-index"
checksum = "e4e98dc3b890f6c23a0f9d3d491a2823d0dea0fa656302a13dd225fa924112a8"
dependencies = [
 "proc-macro2",
 "quote",
 "syn 3.0.6",
]

[[package]]
name = "num-integer"
version = "0.1.47"
source = "registry+https://github.com/rust-lang/crates.io-index"
checksum = "7ce2d95d4b3734dc35aa2f45e1aa22cd416814592a4f9d9205e11affd5b8e10b"
dependencies = [
 "num-traits",
]

[[package]]
name = "num-rational"
version = "0.4.2"
source = "registry+https://github.com/rust-lang/crates.io-index"
checksum = "f83d14da390562dca69fc84082e73e548e1ad308d24accdedd2720017cb37824"
dependencies = [
 "num-bigint",
 "num-integer",
 "num-traits",
]

[[package]]
name = "num-traits"
version = "0.2.19"
source = "registry+https://github.com/rust-lang/crates.io-index"
checksum = "071dfc062690e90b734c0b2273ce72ad0ffa95f0c74596bc250dcfd960262841"
dependencies = [
 "autocfg",
 "libm",
]

[[package]]
name = "once_cell"
version = "1.21.4"
source = "registry+https://github.com/rust-lang/crates.io-index"
checksum = "9f7c3e4beb33f85d45ae3e3a1792185706c8e16d043238c593331cc7cd313b50"

[[package]]
name = "oorandom"
version = "11.1.5"
source = "registry+https://github.com/rust-lang/crates.io-index"
checksum = "d6790f58c7ff633d8771f42965289203411a5e5c68388703c06e14f24770b41e"

[[package]]
name = "ordered-float"
version = "5.5.0"
source = "registry+https://github.com/rust-lang/crates.io-index"
checksum = "8c7c9e0d9b23589f26070720bac724174bfec1083e82f7854cdd0267518343c0"
dependencies = [
 "num-traits",
]

[[package]]
name = "parry3d"
version = "0.31.1"
source = "registry+https://github.com/rust-lang/crates.io-index"
checksum = "7b626edc0b497dba4bdf6e1e0797895294ed9f61dac2bd28cb5d34d37ad2ca7e"
dependencies = [
 "approx",
 "arrayvec",
 "bitflags",
 "downcast-rs",
 "either",
 "ena",
 "foldhash",
 "glamx",
 "hashbrown 0.17.1",
 "indexmap",
 "log",
 "num-derive",
 "num-traits",
 "ordered-float",
 "rstar",
 "simba",
 "slab",
 "smallvec",
 "spade",
 "static_assertions",
 "thiserror",
]

[[package]]
name = "pin-project-lite"
version = "0.2.17"
source = "registry+https://github.com/rust-lang/crates.io-index"
checksum = "a89322df9ebe1c1578d689c92318e070967d1042b512afbe49518723f4e6d5cd"

[[package]]
name = "postcard"
version = "1.1.3"
source = "registry+https://github.com/rust-lang/crates.io-index"
checksum = "6764c3b5dd454e283a30e6dfe78e9b31096d9e32036b5d1eaac7a6119ccb9a24"
dependencies = [
 "cobs",
 "embedded-io 0.4.0",
 "embedded-io 0.6.1",
 "serde",
]

[[package]]
name = "ppv-lite86"
version = "0.2.21"
source = "registry+https://github.com/rust-lang/crates.io-index"
checksum = "85eae3c4ed2f50dcfe72643da4befc30deadb458a9b590d720cde2f2b1e97da9"
dependencies = [
 "zerocopy",
]

[[package]]
name = "proc-macro2"
version = "1.0.107"
source = "registry+https://github.com/rust-lang/crates.io-index"
checksum = "985e7ec9bb745e6ce6535b544d84d6cd6f7ad8bd711c398938ae983b91a766d9"
dependencies = [
 "unicode-ident",
]

[[package]]
name = "profiling"
version = "1.0.18"
source = "registry+https://github.com/rust-lang/crates.io-index"
checksum = "3d595e54a326bc53c1c197b32d295e14b169e3cfeaa8dc82b529f947fba6bcf5"
dependencies = [
 "profiling-procmacros",
]

[[package]]
name = "profiling-procmacros"
version = "1.0.18"
source = "registry+https://github.com/rust-lang/crates.io-index"
checksum = "4488a4a36b9a4ba6b9334a32a39971f77c1436ec82c38707bce707699cc3bbcb"
dependencies = [
 "quote",
 "syn 2.0.119",
]

[[package]]
name = "proptest"
version = "1.11.0"
source = "registry+https://github.com/rust-lang/crates.io-index"
checksum = "4b45fcc2344c680f5025fe57779faef368840d0bd1f42f216291f0dc4ace4744"
dependencies = [
 "bitflags",
 "num-traits",
 "rand",
 "rand_chacha",
 "rand_xorshift",
 "regex-syntax",
 "unarray",
]

[[package]]
name = "quote"
version = "1.0.47"
source = "registry+https://github.com/rust-lang/crates.io-index"
checksum = "1fbf4db142a473a8d80c26bbf18454ed458bf8d26c8219c331daecfdbd079001"
dependencies = [
 "proc-macro2",
]

[[package]]
name = "r-efi"
version = "5.3.0"
source = "registry+https://github.com/rust-lang/crates.io-index"
checksum = "69cdb34c158ceb288df11e18b4bd39de994f6657d83847bdffdbd7f346754b0f"

[[package]]
name = "rand"
version = "0.9.5"
source = "registry+https://github.com/rust-lang/crates.io-index"
checksum = "b9ef1d0d795eb7d84685bca4f72f3649f064e6641543d3a8c415898726a57b41"
dependencies = [
 "rand_chacha",
 "rand_core",
]

[[package]]
name = "rand_chacha"
version = "0.9.0"
source = "registry+https://github.com/rust-lang/crates.io-index"
checksum = "d3022b5f1df60f26e1ffddd6c66e8aa15de382ae63b3a0c1bfc0e4d3e3f325cb"
dependencies = [
 "ppv-lite86",
 "rand_core",
]

[[package]]
name = "rand_core"
version = "0.9.5"
source = "registry+https://github.com/rust-lang/crates.io-index"
checksum = "76afc826de14238e6e8c374ddcc1fa19e374fd8dd986b0d2af0d02377261d83c"
dependencies = [
 "getrandom",
]

[[package]]
name = "rand_xorshift"
version = "0.4.0"
source = "registry+https://github.com/rust-lang/crates.io-index"
checksum = "513962919efc330f829edb2535844d1b912b0fbe2ca165d613e4e8788bb05a5a"
dependencies = [
 "rand_core",
]

[[package]]
name = "rapier3d"
version = "0.36.0"
source = "registry+https://github.com/rust-lang/crates.io-index"
checksum = "c2e2b20538584bb3ba5bfe6a66c2d9a242ee17d15e5398be0fa35279c7d73739"
dependencies = [
 "approx",
 "arrayvec",
 "bitflags",
 "glamx",
 "log",
 "nalgebra",
 "num-traits",
 "parry3d",
 "profiling",
 "serde",
 "simba",
 "static_assertions",
 "thiserror",
 "wide",
]

[[package]]
name = "rawpointer"
version = "0.2.1"
source = "registry+https://github.com/rust-lang/crates.io-index"
checksum = "60a357793950651c4ed0f3f52338f53b2f809f32d83a07f72909fa13e4c6c1e3"

[[package]]
name = "regex-syntax"
version = "0.8.11"
source = "registry+https://github.com/rust-lang/crates.io-index"
checksum = "d6f6ff9a378485b298a5286656da665ba74413d36db0979633275d2e708145d4"

[[package]]
name = "robust"
version = "1.2.0"
source = "registry+https://github.com/rust-lang/crates.io-index"
checksum = "4e27ee8bb91ca0adcf0ecb116293afa12d393f9c2b9b9cd54d33e8078fe19839"

[[package]]
name = "rstar"
version = "0.13.0"
source = "registry+https://github.com/rust-lang/crates.io-index"
checksum = "5912b862fa5ffb462607bfd1e35036c458c537921f508c8235a83d5f3987edfe"
dependencies = [
 "heapless",
 "num-traits",
 "smallvec",
]

[[package]]
name = "rustversion"
version = "1.0.23"
source = "registry+https://github.com/rust-lang/crates.io-index"
checksum = "cf54715a573b99ac80df0bc206da022bcd442c974952c7b9720069370852e21f"

[[package]]
name = "safe_arch"
version = "1.2.0"
source = "registry+https://github.com/rust-lang/crates.io-index"
checksum = "42c6efa15875e6ecb39ca61fb0b0c1a40b84fac5a5ffe71eef7d1000c8eb3f5f"
dependencies = [
 "bytemuck",
]

[[package]]
name = "same-file"
version = "1.0.6"
source = "registry+https://github.com/rust-lang/crates.io-index"
checksum = "93fc1dc3aaa9bfed95e02e6eadabb4baf7e3078b0bd1b4d7b6b0b68378900502"
dependencies = [
 "winapi-util",
]

[[package]]
name = "serde"
version = "1.0.229"
source = "registry+https://github.com/rust-lang/crates.io-index"
checksum = "4148590afebada386688f18773da617792bf2ef03ffc1e4cbd2b1d45b023e0ba"
dependencies = [
 "serde_core",
 "serde_derive",
]

[[package]]
name = "serde_core"
version = "1.0.229"
source = "registry+https://github.com/rust-lang/crates.io-index"
checksum = "67dca2c9c51e58a4791a4b1ed58308b39c64224d349a935ab5039aa360942a48"
dependencies = [
 "serde_derive",
]

[[package]]
name = "serde_derive"
version = "1.0.229"
source = "registry+https://github.com/rust-lang/crates.io-index"
checksum = "e7a5d71263a5a7d47b41f6b3f06ba276f10cc18b0931f1799f710578e2309348"
dependencies = [
 "proc-macro2",
 "quote",
 "syn 3.0.6",
]

[[package]]
name = "serde_json"
version = "1.0.151"
source = "registry+https://github.com/rust-lang/crates.io-index"
checksum = "c841b55ecdae098c80dcae9cf767f6f8a0c2cdb3416bbef72181df4d0fe73f14"
dependencies = [
 "itoa",
 "memchr",
 "serde",
 "serde_core",
 "zmij",
]

[[package]]
name = "sha2"
version = "0.11.0"
source = "registry+https://github.com/rust-lang/crates.io-index"
checksum = "446ba717509524cb3f22f17ecc096f10f4822d76ab5c0b9822c5f9c284e825f4"
dependencies = [
 "cfg-if",
 "cpufeatures",
 "digest",
]

[[package]]
name = "shlex"
version = "2.0.1"
source = "registry+https://github.com/rust-lang/crates.io-index"
checksum = "f8fadd59c855ef2080decdef8ff161eb6661b86933c9d82e5ba29dc602a55aba"

[[package]]
name = "simba"
version = "0.10.2"
source = "registry+https://github.com/rust-lang/crates.io-index"
checksum = "f1a7200d82ff1c7b4235efd12f11e2537a402c91cf83a5cb97ce80eef787fde7"
dependencies = [
 "approx",
 "libm",
 "num-complex",
 "num-traits",
 "wide",
]

[[package]]
name = "slab"
version = "0.4.12"
source = "registry+https://github.com/rust-lang/crates.io-index"
checksum = "0c790de23124f9ab44544d7ac05d60440adc586479ce501c1d6d7da3cd8c9cf5"

[[package]]
name = "smallvec"
version = "1.16.2"
source = "registry+https://github.com/rust-lang/crates.io-index"
checksum = "f9395f0f0eee849a9b707b2f06bb92a6a422090e2123bb2ef8e87a0e61892a8e"

[[package]]
name = "spade"
version = "2.15.1"
source = "registry+https://github.com/rust-lang/crates.io-index"
checksum = "9699399fd9349b00b184f5635b074f9ec93afffef30c853f8c875b32c0f8c7fa"
dependencies = [
 "hashbrown 0.16.1",
 "num-traits",
 "robust",
 "smallvec",
]

[[package]]
name = "stable_deref_trait"
version = "1.2.1"
source = "registry+https://github.com/rust-lang/crates.io-index"
checksum = "6ce2be8dc25455e1f91df71bfa12ad37d7af1092ae736f3a6cd0e37bc7810596"

[[package]]
name = "static_assertions"
version = "1.1.0"
source = "registry+https://github.com/rust-lang/crates.io-index"
checksum = "a2eb9349b6444b326872e140eb1cf5e7c522154d69e7a0ffb0fb81c06b37543f"

[[package]]
name = "syn"
version = "2.0.119"
source = "registry+https://github.com/rust-lang/crates.io-index"
checksum = "872831b642d1a07999a962a351ed35b955ea2cfc8f3862091e2a240a84f17297"
dependencies = [
 "proc-macro2",
 "quote",
 "unicode-ident",
]

[[package]]
name = "syn"
version = "3.0.6"
source = "registry+https://github.com/rust-lang/crates.io-index"
checksum = "8593e8e72159ed2257d083c7a454a85cbf854f37a0966d8d483aff8c8a3ebcee"
dependencies = [
 "proc-macro2",
 "quote",
 "unicode-ident",
]

[[package]]
name = "thiserror"
version = "2.0.21"
source = "registry+https://github.com/rust-lang/crates.io-index"
checksum = "09e52cb86a36cede5cb101bf8908837b3e4c6e5e59fe7fd85c23fb56200d189e"
dependencies = [
 "thiserror-impl",
]

[[package]]
name = "thiserror-impl"
version = "2.0.21"
source = "registry+https://github.com/rust-lang/crates.io-index"
checksum = "fe5197923287db20a58125f0bc85c062f7f2c892de97b18c356f9efb14b28524"
dependencies = [
 "proc-macro2",
 "quote",
 "syn 3.0.6",
]

[[package]]
name = "tinyvec"
version = "1.13.3"
source = "registry+https://github.com/rust-lang/crates.io-index"
checksum = "fd3ca314f692efd6c868f8408f53fe444634a845f96c028b97d35f6a1f79f0ee"

[[package]]
name = "tokio"
version = "1.53.1"
source = "registry+https://github.com/rust-lang/crates.io-index"
checksum = "202caea871b69668250d242070849eb495be178ed697a3e98aebce5bc81a0bed"
dependencies = [
 "pin-project-lite",
]

[[package]]
name = "typenum"
version = "1.20.1"
source = "registry+https://github.com/rust-lang/crates.io-index"
checksum = "b6f5e870be6c3b371b77fe0ee0bafb859fa4964b4404c27de1d380043c4dda20"

[[package]]
name = "unarray"
version = "0.1.4"
source = "registry+https://github.com/rust-lang/crates.io-index"
checksum = "eaea85b334db583fe3274d12b4cd1880032beab409c0d774be044d4480ab9a94"

[[package]]
name = "unicode-ident"
version = "1.0.26"
source = "registry+https://github.com/rust-lang/crates.io-index"
checksum = "d245f478577f809a851594d02313b640fb437e0bb33866753cff937863096954"

[[package]]
name = "unicode-normalization"
version = "0.1.25"
source = "registry+https://github.com/rust-lang/crates.io-index"
checksum = "5fd4f6878c9cb28d874b009da9e8d183b5abc80117c40bbd187a1fde336be6e8"
dependencies = [
 "tinyvec",
]

[[package]]
name = "unicode-segmentation"
version = "1.13.3"
source = "registry+https://github.com/rust-lang/crates.io-index"
checksum = "c6f5d3c3b1bf09027a88a6bc961fc00497d651009560b5463668dc81b0fa87a8"

[[package]]
name = "walkdir"
version = "2.5.0"
source = "registry+https://github.com/rust-lang/crates.io-index"
checksum = "29790946404f91d9c5d06f9874efddea1dc06c5efe94541a7d6863108e3a5e4b"
dependencies = [
 "same-file",
 "winapi-util",
]

[[package]]
name = "wasip2"
version = "1.0.4+wasi-0.2.12"
source = "registry+https://github.com/rust-lang/crates.io-index"
checksum = "b67efb37e106e55ce722a510d6b5f9c17f083e5fc79afc2badeb12cc313d9487"
dependencies = [
 "wit-bindgen",
]

[[package]]
name = "wasm-bindgen"
version = "0.2.129"
source = "registry+https://github.com/rust-lang/crates.io-index"
checksum = "9bb54f33acc68fd454578d9820b0bde1a1a3d17aa17bb7b6595806d02886d409"
dependencies = [
 "cfg-if",
 "once_cell",
 "rustversion",
 "wasm-bindgen-macro",
 "wasm-bindgen-shared",
]

[[package]]
name = "wasm-bindgen-futures"
version = "0.4.79"
source = "registry+https://github.com/rust-lang/crates.io-index"
checksum = "3cbab34de2d982e9b48e18d216d04c4a6f641066ff19ffb699980f591ee3610e"
dependencies = [
 "js-sys",
 "tokio",
 "wasm-bindgen",
]

[[package]]
name = "wasm-bindgen-macro"
version = "0.2.129"
source = "registry+https://github.com/rust-lang/crates.io-index"
checksum = "2e29d0c35b16e224a7eeb5cd2d25e3e1968fbd65604117b44d3b789d00ee8535"
dependencies = [
 "quote",
 "wasm-bindgen-macro-support",
]

[[package]]
name = "wasm-bindgen-macro-support"
version = "0.2.129"
source = "registry+https://github.com/rust-lang/crates.io-index"
checksum = "6f501a8bc3719dba86ef8ae4728879c08001bea749eb1333ac5b91e040e2a6b7"
dependencies = [
 "bumpalo",
 "proc-macro2",
 "quote",
 "syn 3.0.6",
 "wasm-bindgen-shared",
]

[[package]]
name = "wasm-bindgen-shared"
version = "0.2.129"
source = "registry+https://github.com/rust-lang/crates.io-index"
checksum = "23f0c9c52aa7cd7d77769a4cfe2a9adb1b331f489a41d912ce14513d5ab995c6"
dependencies = [
 "unicode-ident",
]

[[package]]
name = "wasm-bindgen-test"
version = "0.3.79"
source = "registry+https://github.com/rust-lang/crates.io-index"
checksum = "ae7499dfd45780a0a91d7ee6bb9ac51970a4479a41a89da443fdda5a39547d42"
dependencies = [
 "async-trait",
 "cast",
 "js-sys",
 "libm",
 "minicov",
 "nu-ansi-term",
 "num-traits",
 "oorandom",
 "serde",
 "serde_json",
 "wasm-bindgen",
 "wasm-bindgen-futures",
 "wasm-bindgen-test-macro",
 "wasm-bindgen-test-shared",
]

[[package]]
name = "wasm-bindgen-test-macro"
version = "0.3.79"
source = "registry+https://github.com/rust-lang/crates.io-index"
checksum = "3b84b5ac638bfb168196a1a461fcc8f46a294a18b1b6be52133b4e0db122cc9f"
dependencies = [
 "proc-macro2",
 "quote",
 "syn 3.0.6",
]

[[package]]
name = "wasm-bindgen-test-shared"
version = "0.2.129"
source = "registry+https://github.com/rust-lang/crates.io-index"
checksum = "4f692aa943ccd88363733b77063f32cfed5bc6cbea8e6e8b251b302f881606fe"

[[package]]
name = "wide"
version = "1.7.1"
source = "registry+https://github.com/rust-lang/crates.io-index"
checksum = "d920ac99c3c8edce110cb8d07dbb324d6d026011dce85b1e9355b70f0adacc4f"
dependencies = [
 "bytemuck",
 "safe_arch",
]

[[package]]
name = "winapi-util"
version = "0.1.11"
source = "registry+https://github.com/rust-lang/crates.io-index"
checksum = "c2a7b1c03c876122aa43f3020e6c3c3ee5c05081c9a00739faf7503aeba10d22"
dependencies = [
 "windows-sys",
]

[[package]]
name = "windows-link"
version = "0.2.1"
source = "registry+https://github.com/rust-lang/crates.io-index"
checksum = "f0805222e57f7521d6a62e36fa9163bc891acd422f971defe97d64e70d0a4fe5"

[[package]]
name = "windows-sys"
version = "0.61.2"
source = "registry+https://github.com/rust-lang/crates.io-index"
checksum = "ae137229bcbd6cdf0f7b80a31df61766145077ddf49416a728b02cb3921ff3fc"
dependencies = [
 "windows-link",
]

[[package]]
name = "wit-bindgen"
version = "0.57.1"
source = "registry+https://github.com/rust-lang/crates.io-index"
checksum = "1ebf944e87a7c253233ad6766e082e3cd714b5d03812acc24c318f549614536e"

[[package]]
name = "zerocopy"
version = "0.8.59"
source = "registry+https://github.com/rust-lang/crates.io-index"
checksum = "6df92bf3d9227be3d53173901ddbffac2babc27ae50f397776ffd6dc33f800cb"
dependencies = [
 "zerocopy-derive",
]

[[package]]
name = "zerocopy-derive"
version = "0.8.59"
source = "registry+https://github.com/rust-lang/crates.io-index"
checksum = "ac4f328cf2f05d084e496c3e9c3f33ed0a183656a16e1fcec4d464d8373aec82"
dependencies = [
 "proc-macro2",
 "quote",
 "syn 2.0.119",
]

[[package]]
name = "zmij"
version = "1.0.23"
source = "registry+https://github.com/rust-lang/crates.io-index"
checksum = "29666d0abbfad1e3dc4dcf6144730dd3a3ab225bbbdac83319345b1b44ccfc1b"
